
Microsoft Visual Studio Solution File, Format Version 12.00
# Visual Studio Version 17
VisualStudioVersion = 17.6.33815.320
MinimumVisualStudioVersion = 10.0.40219.1
Project("{FAE04EC0-301F-11D3-BF4B-00C04F79EFBC}") = "Mango.Services.CouponAPI", "Mango.Services.CouponAPI\Mango.Services.CouponAPI.csproj", "{10A04D74-4104-424F-A0FE-6B40469A3EFE}"
EndProject
Global
	GlobalSection(SolutionConfigurationPlatforms) = preSolution
		Debug|Any CPU = Debug|Any CPU
		Release|Any CPU = Release|Any CPU
	EndGlobalSection
	GlobalSection(ProjectConfigurationPlatforms) = postSolution
		{10A04D74-4104-424F-A0FE-6B40469A3EFE}.Debug|Any CPU.ActiveCfg = Debug|Any CPU
		{10A04D74-4104-424F-A0FE-6B40469A3EFE}.Debug|Any CPU.Build.0 = Debug|Any CPU
		{10A04D74-4104-424F-A0FE-6B40469A3EFE}.Release|Any CPU.ActiveCfg = Release|Any CPU
		{10A04D74-4104-424F-A0FE-6B40469A3EFE}.Release|Any CPU.Build.0 = Release|Any CPU
	EndGlobalSection
	GlobalSection(SolutionProperties) = preSolution
		HideSolutionNode = FALSE
	EndGlobalSection
	GlobalSection(ExtensibilityGlobals) = postSolution
		SolutionGuid = {67EC7551-2EB8-4C6E-94DF-5AF24BC8180C}
	EndGlobalSection
EndGlobal
